<?xml version="1.0" encoding="utf-8"?>
<Project ToolsVersion="4.0" xmlns="http://schemas.microsoft.com/developer/msbuild/2003">
  <ItemGroup>
    <ClCompile Include="External\imgui\backends\imgui_impl_glfw.cpp" />
    <ClCompile Include="External\imgui\backends\imgui_impl_opengl3.cpp" />
    <ClCompile Include="External\imgui\ImGuiFileDialog-master\ImGuiFileDialog.cpp" />
    <ClCompile Include="External\imgui\imgui.cpp" />
    <ClCompile Include="External\imgui\imgui_demo.cpp" />
    <ClCompile Include="External\imgui\imgui_draw.cpp" />
    <ClCompile Include="External\imgui\imgui_tables.cpp" />
    <ClCompile Include="External\imgui\imgui_widgets.cpp" />
    <ClCompile Include="glad.c" />
    <ClCompile Include="Source\Debug\log.cpp" />
    <ClCompile Include="Source\mainDll.cpp" />
    <ClCompile Include="Source\Resource\Rendering\model.cpp" />
    <ClCompile Include="Source\Resource\Rendering\shader.cpp" />
    <ClCompile Include="Source\Resource\Rendering\texture.cpp" />
    <ClCompile Include="Source\golemEngine.cpp" />
    <ClCompile Include="Source\Wrappers\graphicWrapper.cpp" />
    <ClCompile Include="External\imgui\ImGuiFileDialog-master\ImGuiFileDialog.cpp" />
    <ClCompile Include="External\imgui\ImGuiFileDialog-master\ImGuiFileDialog.cpp" />
    <ClCompile Include="Source\Wrappers\windowWrapper.cpp" />
    <ClCompile Include="Source\Components\Light\directional.cpp" />
    <ClCompile Include="Source\Components\Light\light.cpp" />
    <ClCompile Include="Source\Components\Light\point.cpp" />
    <ClCompile Include="Source\Components\Light\spot.cpp" />
    <ClCompile Include="Source\Components\component.cpp" />
    <ClCompile Include="Source\Core\gameObject.cpp" />
    <ClCompile Include="Source\Components\transform.cpp" />
    <ClCompile Include="Source\Debug\log.cpp" />
    <ClCompile Include="Source\Resource\Rendering\model.cpp" />
    <ClCompile Include="Source\Resource\Rendering\shader.cpp" />
    <ClCompile Include="Source\Resource\Rendering\texture.cpp" />
    <ClCompile Include="Source\Resource\resourceManager.cpp" />
    <ClCompile Include="Source\Wrappers\graphicWrapper.cpp" />
    <ClCompile Include="Source\Wrappers\windowWrapper.cpp" />
    <ClCompile Include="Source\golemEngine.cpp" />
    <ClCompile Include="Source\Inputs\inputManager.cpp" />
    <ClCompile Include="Source\mainDll.cpp" />
    <ClCompile Include="External\imgui\imgui_stdlib.cpp" />
    <ClCompile Include="Source\Reflection\classManager.cpp" />
    <ClCompile Include="Source\Reflection\displayType.cpp" />
    <ClCompile Include="Source\Core\camera.cpp" />
    <ClCompile Include="Source\Core\scene.cpp" />
    <ClCompile Include="Source\Resource\sceneManager.cpp" />
    <ClCompile Include="Source\Components\meshRenderer.cpp" />
    <ClCompile Include="Source\Components\audio.cpp" />
    <ClCompile Include="Source\Resource\guid.cpp" />
    <ClCompile Include="Source\Resource\sceneManager.cpp" />
    <ClCompile Include="Source\Wrappers\audioWrapper.cpp" />
    <ClCompile Include="Source\Core\mesh.cpp" />
    <ClCompile Include="Source\Utils\tools.cpp" />
    <ClCompile Include="Source\Components\Physic\sphereCollider.cpp" />
    <ClCompile Include="Source\Physic\bodiesManager.cpp" />
    <ClCompile Include="Source\Physic\physicSystem.cpp" />
    <ClCompile Include="Source\Physic\contactManager.cpp" />
    <ClCompile Include="Source\Physic\bodyActivationManager.cpp" />
    <ClCompile Include="Source\Physic\objectLayerVsBroadPhaseLayerFilter.cpp" />
    <ClCompile Include="Source\Physic\objectLayerVsObjectLayer.cpp" />
    <ClCompile Include="Source\Physic\broadPhaseLayerInterface.cpp" />
    <ClCompile Include="Source\Components\Physic\boxCollider.cpp" />
    <ClCompile Include="Source\Components\Physic\collider.cpp" />
  </ItemGroup>
  <ItemGroup>
    <ClInclude Include="External\imgui\backends\imgui_impl_glfw.h" />
    <ClInclude Include="External\imgui\backends\imgui_impl_opengl3.h" />
    <ClInclude Include="External\imgui\backends\imgui_impl_opengl3_loader.h" />
    <ClInclude Include="External\imgui\ImGuiFileDialog-master\dirent\dirent.h" />
    <ClInclude Include="External\imgui\ImGuiFileDialog-master\stb\stb_image.h" />
    <ClInclude Include="External\imgui\ImGuiFileDialog-master\stb\stb_image_resize.h" />
    <ClInclude Include="External\imgui\ImGuiFileDialog-master\ImGuiFileDialog.h" />
    <ClInclude Include="External\imgui\ImGuiFileDialog-master\ImGuiFileDialogConfig.h" />
    <ClInclude Include="External\imgui\imconfig.h" />
    <ClInclude Include="External\imgui\imgui.h" />
    <ClInclude Include="External\imgui\imgui_internal.h" />
    <ClInclude Include="External\imgui\imstb_rectpack.h" />
    <ClInclude Include="External\imgui\imstb_textedit.h" />
    <ClInclude Include="External\imgui\imstb_truetype.h" />
    <ClInclude Include="Include\Debug\assertion.h" />
    <ClInclude Include="Include\Debug\log.h" />
    <ClInclude Include="Include\dll.h" />
    <ClInclude Include="Include\Resource\Rendering\model.h" />
    <ClInclude Include="Include\Resource\resource.h" />
    <ClInclude Include="Include\Resource\resourceManager.h" />
    <ClInclude Include="Include\Resource\Rendering\shader.h" />
    <ClInclude Include="Include\Resource\Rendering\texture.h" />
    <ClInclude Include="Include\Resource\Rendering\vertex.h" />
    <ClInclude Include="Include\golemEngine.h" />
    <ClInclude Include="Include\Wrappers\graphicWrapper.h" />
    <ClInclude Include="External\imgui\ImGuiFileDialog-master\dirent\dirent.h" />
    <ClInclude Include="External\imgui\ImGuiFileDialog-master\ImGuiFileDialog.h" />
    <ClInclude Include="External\imgui\ImGuiFileDialog-master\ImGuiFileDialogConfig.h" />
    <ClInclude Include="External\imgui\ImGuiFileDialog-master\stb\stb_image.h" />
    <ClInclude Include="External\imgui\ImGuiFileDialog-master\stb\stb_image_resize.h" />
    <ClInclude Include="Include\Wrappers\windowWrapper.h" />
    <ClInclude Include="Include\Components\Light\light.h" />
    <ClInclude Include="Include\Components\component.h" />
    <ClInclude Include="Include\Core\gameObject.h" />
    <ClInclude Include="Include\Components\transform.h" />
    <ClInclude Include="Include\Debug\assertion.h" />
    <ClInclude Include="Include\Debug\log.h" />
    <ClInclude Include="Include\Resource\Rendering\model.h" />
    <ClInclude Include="Include\Resource\Rendering\shader.h" />
    <ClInclude Include="Include\Resource\Rendering\texture.h" />
    <ClInclude Include="Include\Resource\Rendering\vertex.h" />
    <ClInclude Include="Include\Resource\resource.h" />
    <ClInclude Include="Include\Resource\resourceManager.h" />
    <ClInclude Include="Include\Wrappers\graphicWrapper.h" />
    <ClInclude Include="Include\Wrappers\windowWrapper.h" />
    <ClInclude Include="Include\dll.h" />
    <ClInclude Include="Include\golemEngine.h" />
    <ClInclude Include="Include\Inputs\inputManager.h" />
    <ClInclude Include="External\imgui\imgui_stdlib.h" />
    <ClInclude Include="Include\Reflection\refl.hpp" />
    <ClInclude Include="Include\Reflection\classesManager.h" />
    <ClInclude Include="Include\Reflection\displayType.h" />
    <ClInclude Include="Include\Reflection\attributes.h" />
    <ClInclude Include="Include\Core\camera.h" />
    <ClInclude Include="Include\Core\scene.h" />
    <ClInclude Include="Include\Resource\sceneManager.h" />
    <ClInclude Include="Include\Components\meshRenderer.h" />
    <ClInclude Include="Include\Components\audio.h" />
    <ClInclude Include="Include\Resource\guid.h" />
    <ClInclude Include="Include\Resource\sceneManager.h" />
    <ClInclude Include="Include\Wrappers\audioWrapper.h" />
    <ClInclude Include="Include\Components\Light\directionalLight.h" />
    <ClInclude Include="Include\Components\Light\pointLight.h" />
    <ClInclude Include="Include\Components\Light\spotLight.h" />
    <ClInclude Include="Include\Core\mesh.h" />
    <ClInclude Include="Include\Utils\tools.h" />
    <ClInclude Include="Include\Components\Physic\sphereCollider.h" />
    <ClInclude Include="Include\Physic\bodiesManager.h" />
    <ClInclude Include="Include\Physic\physicSystem.h" />
    <ClInclude Include="Include\Physic\contactManager.h" />
    <ClInclude Include="Include\Physic\bodyActivationManager.h" />
    <ClInclude Include="Include\Physic\objectLayerVsBroadPhaseLayer.h" />
    <ClInclude Include="Include\Physic\layers.h" />
    <ClInclude Include="Include\Physic\objectLayerVsObjectLayer.h" />
    <ClInclude Include="Include\Physic\broadPhaseLayerInterface.h" />
    <ClInclude Include="Include\Components\Physic\boxCollider.h" />
    <ClInclude Include="Include\Components\Physic\collider.h" />
  </ItemGroup>
</Project>